// !$*UTF8*$!
{
	archiveVersion = 1;
	classes = {
	};
	objectVersion = 46;
	objects = {

/* Begin PBXBuildFile section */
		71EF12321B293E5E00FA6D2D /* WebServiceOperations.swift in Sources */ = {isa = PBXBuildFile; fileRef = 71EF12311B293E5E00FA6D2D /* WebServiceOperations.swift */; };
		E9174ED61B0A2D34000F57A5 /* AppDelegate.swift in Sources */ = {isa = PBXBuildFile; fileRef = E9174ED51B0A2D34000F57A5 /* AppDelegate.swift */; };
		E9174EDB1B0A2D34000F57A5 /* Main.storyboard in Resources */ = {isa = PBXBuildFile; fileRef = E9174ED91B0A2D34000F57A5 /* Main.storyboard */; };
		E9174EDD1B0A2D34000F57A5 /* Images.xcassets in Resources */ = {isa = PBXBuildFile; fileRef = E9174EDC1B0A2D34000F57A5 /* Images.xcassets */; };
		E9174EE01B0A2D34000F57A5 /* LaunchScreen.xib in Resources */ = {isa = PBXBuildFile; fileRef = E9174EDE1B0A2D34000F57A5 /* LaunchScreen.xib */; };
		E9296F591B1DF7C1000D5DC7 /* LoginViewController.swift in Sources */ = {isa = PBXBuildFile; fileRef = E9296F581B1DF7C1000D5DC7 /* LoginViewController.swift */; };
		E943FC5B1B1D503400F5A52D /* MasterTableViewController.swift in Sources */ = {isa = PBXBuildFile; fileRef = E943FC5A1B1D503400F5A52D /* MasterTableViewController.swift */; };
		E943FC5E1B1D511A00F5A52D /* SplitViewController.swift in Sources */ = {isa = PBXBuildFile; fileRef = E943FC5D1B1D511A00F5A52D /* SplitViewController.swift */; };
		E95A20491B29658C006222F1 /* BloodType.swift in Sources */ = {isa = PBXBuildFile; fileRef = E95A20481B29658C006222F1 /* BloodType.swift */; };
		E95A204B1B2969E1006222F1 /* StatusViewController.swift in Sources */ = {isa = PBXBuildFile; fileRef = E95A204A1B2969E1006222F1 /* StatusViewController.swift */; };
		E9B885AF1B224DA5002B9369 /* NewDonnorTableViewController.swift in Sources */ = {isa = PBXBuildFile; fileRef = E9B885AE1B224DA5002B9369 /* NewDonnorTableViewController.swift */; };
		E9CD60EF1B2943CD007E9540 /* UserSearchViewController.swift in Sources */ = {isa = PBXBuildFile; fileRef = E9CD60EE1B2943CD007E9540 /* UserSearchViewController.swift */; };
		E9CD60F71B295229007E9540 /* Utilities.swift in Sources */ = {isa = PBXBuildFile; fileRef = E9CD60F61B295229007E9540 /* Utilities.swift */; };
		E9D8E63C1B239B650003A526 /* TransactionsViewController.swift in Sources */ = {isa = PBXBuildFile; fileRef = E9D8E63B1B239B650003A526 /* TransactionsViewController.swift */; };
		E9D8E6441B239C2E0003A526 /* NewDonationViewController.swift in Sources */ = {isa = PBXBuildFile; fileRef = E9D8E6431B239C2E0003A526 /* NewDonationViewController.swift */; };
		E9D8E6461B239D890003A526 /* DonnorReportsViewController.swift in Sources */ = {isa = PBXBuildFile; fileRef = E9D8E6451B239D890003A526 /* DonnorReportsViewController.swift */; };
		E9D8E6481B239D950003A526 /* HospitalReportsViewController.swift in Sources */ = {isa = PBXBuildFile; fileRef = E9D8E6471B239D950003A526 /* HospitalReportsViewController.swift */; };
		E9D8E64A1B239DA00003A526 /* HemocenterReportsViewController.swift in Sources */ = {isa = PBXBuildFile; fileRef = E9D8E6491B239DA00003A526 /* HemocenterReportsViewController.swift */; };
		E9D8E64F1B23A1BE0003A526 /* AboutViewController.swift in Sources */ = {isa = PBXBuildFile; fileRef = E9D8E64E1B23A1BE0003A526 /* AboutViewController.swift */; };
/* End PBXBuildFile section */

/* Begin PBXContainerItemProxy section */
		E95A20401B2959ED006222F1 /* PBXContainerItemProxy */ = {
			isa = PBXContainerItemProxy;
			containerPortal = 71EF12331B293E9D00FA6D2D /* Alamofire.xcodeproj */;
			proxyType = 2;
			remoteGlobalIDString = F8111E3319A95C8B0040E7D1;
			remoteInfo = "Alamofire iOS";
		};
		E95A20421B2959ED006222F1 /* PBXContainerItemProxy */ = {
			isa = PBXContainerItemProxy;
			containerPortal = 71EF12331B293E9D00FA6D2D /* Alamofire.xcodeproj */;
			proxyType = 2;
			remoteGlobalIDString = 4DD67C0B1A5C55C900ED2280;
			remoteInfo = "Alamofire OSX";
		};
		E95A20441B2959ED006222F1 /* PBXContainerItemProxy */ = {
			isa = PBXContainerItemProxy;
			containerPortal = 71EF12331B293E9D00FA6D2D /* Alamofire.xcodeproj */;
			proxyType = 2;
			remoteGlobalIDString = F8111E3E19A95C8B0040E7D1;
			remoteInfo = "Alamofire iOS Tests";
		};
		E95A20461B2959ED006222F1 /* PBXContainerItemProxy */ = {
			isa = PBXContainerItemProxy;
			containerPortal = 71EF12331B293E9D00FA6D2D /* Alamofire.xcodeproj */;
			proxyType = 2;
			remoteGlobalIDString = F829C6B21A7A94F100A2CD59;
			remoteInfo = "Alamofire OSX Tests";
		};
/* End PBXContainerItemProxy section */

/* Begin PBXCopyFilesBuildPhase section */
		71EF12461B293EB000FA6D2D /* Embed Frameworks */ = {
			isa = PBXCopyFilesBuildPhase;
			buildActionMask = 2147483647;
			dstPath = "";
			dstSubfolderSpec = 10;
			files = (
			);
			name = "Embed Frameworks";
			runOnlyForDeploymentPostprocessing = 0;
		};
/* End PBXCopyFilesBuildPhase section */

/* Begin PBXFileReference section */
		71EF12311B293E5E00FA6D2D /* WebServiceOperations.swift */ = {isa = PBXFileReference; fileEncoding = 4; lastKnownFileType = sourcecode.swift; path = WebServiceOperations.swift; sourceTree = "<group>"; };
		71EF12331B293E9D00FA6D2D /* Alamofire.xcodeproj */ = {isa = PBXFileReference; lastKnownFileType = "wrapper.pb-project"; name = Alamofire.xcodeproj; path = ../Alamofire/Alamofire.xcodeproj; sourceTree = "<group>"; };
		E9174ED01B0A2D34000F57A5 /* HemoCenter.app */ = {isa = PBXFileReference; explicitFileType = wrapper.application; includeInIndex = 0; path = HemoCenter.app; sourceTree = BUILT_PRODUCTS_DIR; };
		E9174ED41B0A2D34000F57A5 /* Info.plist */ = {isa = PBXFileReference; lastKnownFileType = text.plist.xml; path = Info.plist; sourceTree = "<group>"; };
		E9174ED51B0A2D34000F57A5 /* AppDelegate.swift */ = {isa = PBXFileReference; lastKnownFileType = sourcecode.swift; path = AppDelegate.swift; sourceTree = "<group>"; };
		E9174EDA1B0A2D34000F57A5 /* Base */ = {isa = PBXFileReference; lastKnownFileType = file.storyboard; name = Base; path = Base.lproj/Main.storyboard; sourceTree = "<group>"; };
		E9174EDC1B0A2D34000F57A5 /* Images.xcassets */ = {isa = PBXFileReference; lastKnownFileType = folder.assetcatalog; path = Images.xcassets; sourceTree = "<group>"; };
		E9174EDF1B0A2D34000F57A5 /* Base */ = {isa = PBXFileReference; lastKnownFileType = file.xib; name = Base; path = Base.lproj/LaunchScreen.xib; sourceTree = "<group>"; };
		E9296F581B1DF7C1000D5DC7 /* LoginViewController.swift */ = {isa = PBXFileReference; fileEncoding = 4; lastKnownFileType = sourcecode.swift; path = LoginViewController.swift; sourceTree = "<group>"; };
		E943FC5A1B1D503400F5A52D /* MasterTableViewController.swift */ = {isa = PBXFileReference; fileEncoding = 4; lastKnownFileType = sourcecode.swift; path = MasterTableViewController.swift; sourceTree = "<group>"; };
		E943FC5D1B1D511A00F5A52D /* SplitViewController.swift */ = {isa = PBXFileReference; fileEncoding = 4; lastKnownFileType = sourcecode.swift; path = SplitViewController.swift; sourceTree = "<group>"; };
		E95A20481B29658C006222F1 /* BloodType.swift */ = {isa = PBXFileReference; fileEncoding = 4; lastKnownFileType = sourcecode.swift; path = BloodType.swift; sourceTree = "<group>"; };
		E95A204A1B2969E1006222F1 /* StatusViewController.swift */ = {isa = PBXFileReference; fileEncoding = 4; lastKnownFileType = sourcecode.swift; path = StatusViewController.swift; sourceTree = "<group>"; };
		E9B885AE1B224DA5002B9369 /* NewDonnorTableViewController.swift */ = {isa = PBXFileReference; fileEncoding = 4; lastKnownFileType = sourcecode.swift; path = NewDonnorTableViewController.swift; sourceTree = "<group>"; };
		E9CD60EE1B2943CD007E9540 /* UserSearchViewController.swift */ = {isa = PBXFileReference; fileEncoding = 4; lastKnownFileType = sourcecode.swift; path = UserSearchViewController.swift; sourceTree = "<group>"; };
		E9CD60F61B295229007E9540 /* Utilities.swift */ = {isa = PBXFileReference; fileEncoding = 4; lastKnownFileType = sourcecode.swift; path = Utilities.swift; sourceTree = "<group>"; };
		E9D8E63B1B239B650003A526 /* TransactionsViewController.swift */ = {isa = PBXFileReference; fileEncoding = 4; lastKnownFileType = sourcecode.swift; path = TransactionsViewController.swift; sourceTree = "<group>"; };
		E9D8E6431B239C2E0003A526 /* NewDonationViewController.swift */ = {isa = PBXFileReference; fileEncoding = 4; lastKnownFileType = sourcecode.swift; path = NewDonationViewController.swift; sourceTree = "<group>"; };
		E9D8E6451B239D890003A526 /* DonnorReportsViewController.swift */ = {isa = PBXFileReference; fileEncoding = 4; lastKnownFileType = sourcecode.swift; path = DonnorReportsViewController.swift; sourceTree = "<group>"; };
		E9D8E6471B239D950003A526 /* HospitalReportsViewController.swift */ = {isa = PBXFileReference; fileEncoding = 4; lastKnownFileType = sourcecode.swift; path = HospitalReportsViewController.swift; sourceTree = "<group>"; };
		E9D8E6491B239DA00003A526 /* HemocenterReportsViewController.swift */ = {isa = PBXFileReference; fileEncoding = 4; lastKnownFileType = sourcecode.swift; path = HemocenterReportsViewController.swift; sourceTree = "<group>"; };
		E9D8E64E1B23A1BE0003A526 /* AboutViewController.swift */ = {isa = PBXFileReference; fileEncoding = 4; lastKnownFileType = sourcecode.swift; path = AboutViewController.swift; sourceTree = "<group>"; };
/* End PBXFileReference section */

/* Begin PBXFrameworksBuildPhase section */
		E9174ECD1B0A2D34000F57A5 /* Frameworks */ = {
			isa = PBXFrameworksBuildPhase;
			buildActionMask = 2147483647;
			files = (
			);
			runOnlyForDeploymentPostprocessing = 0;
		};
/* End PBXFrameworksBuildPhase section */

/* Begin PBXGroup section */
		E9174EC71B0A2D34000F57A5 = {
			isa = PBXGroup;
			children = (
				E9174ED21B0A2D34000F57A5 /* HemoCenter */,
				E9174ED11B0A2D34000F57A5 /* Products */,
			);
			sourceTree = "<group>";
		};
		E9174ED11B0A2D34000F57A5 /* Products */ = {
			isa = PBXGroup;
			children = (
				E9174ED01B0A2D34000F57A5 /* HemoCenter.app */,
			);
			name = Products;
			sourceTree = "<group>";
		};
		E9174ED21B0A2D34000F57A5 /* HemoCenter */ = {
			isa = PBXGroup;
			children = (
				E95A20481B29658C006222F1 /* BloodType.swift */,
				E943FC5C1B1D503800F5A52D /* Controllers */,
				E9174ED51B0A2D34000F57A5 /* AppDelegate.swift */,
				E9174ED91B0A2D34000F57A5 /* Main.storyboard */,
				E9174EDC1B0A2D34000F57A5 /* Images.xcassets */,
				E9174EDE1B0A2D34000F57A5 /* LaunchScreen.xib */,
				E9174ED31B0A2D34000F57A5 /* Supporting Files */,
			);
			path = HemoCenter;
			sourceTree = "<group>";
		};
		E9174ED31B0A2D34000F57A5 /* Supporting Files */ = {
			isa = PBXGroup;
			children = (
				E9CD60F61B295229007E9540 /* Utilities.swift */,
				E9174ED41B0A2D34000F57A5 /* Info.plist */,
				71EF12331B293E9D00FA6D2D /* Alamofire.xcodeproj */,
			);
			name = "Supporting Files";
			sourceTree = "<group>";
		};
		E943FC5C1B1D503800F5A52D /* Controllers */ = {
			isa = PBXGroup;
			children = (
				E9CD60F51B294918007E9540 /* Model Access */,
				E9D8E64C1B239DD80003A526 /* Navigation */,
				E9D8E64D1B239DE10003A526 /* General */,
				E9D8E6421B239BFC0003A526 /* Entries */,
				E9D8E6411B239BA80003A526 /* Transactions */,
				E9D8E64B1B239DA40003A526 /* Reports */,
			);
			name = Controllers;
			sourceTree = "<group>";
		};
		E95A203A1B2959E7006222F1 /* Products */ = {
			isa = PBXGroup;
			children = (
				E95A20411B2959ED006222F1 /* Alamofire.framework */,
				E95A20431B2959ED006222F1 /* Alamofire.framework */,
				E95A20451B2959ED006222F1 /* Alamofire iOS Tests.xctest */,
				E95A20471B2959ED006222F1 /* Alamofire OSX Tests.xctest */,
			);
			name = Products;
			sourceTree = "<group>";
		};
		E9CD60F51B294918007E9540 /* Model Access */ = {
			isa = PBXGroup;
			children = (
				71EF12311B293E5E00FA6D2D /* WebServiceOperations.swift */,
			);
			name = "Model Access";
			sourceTree = "<group>";
		};
		E9D8E6411B239BA80003A526 /* Transactions */ = {
			isa = PBXGroup;
			children = (
				E9D8E63B1B239B650003A526 /* TransactionsViewController.swift */,
			);
			name = Transactions;
			sourceTree = "<group>";
		};
		E9D8E6421B239BFC0003A526 /* Entries */ = {
			isa = PBXGroup;
			children = (
				E9B885AE1B224DA5002B9369 /* NewDonnorTableViewController.swift */,
				E9D8E6431B239C2E0003A526 /* NewDonationViewController.swift */,
			);
			name = Entries;
			sourceTree = "<group>";
		};
		E9D8E64B1B239DA40003A526 /* Reports */ = {
			isa = PBXGroup;
			children = (
				E9D8E6451B239D890003A526 /* DonnorReportsViewController.swift */,
				E9D8E6471B239D950003A526 /* HospitalReportsViewController.swift */,
				E9D8E6491B239DA00003A526 /* HemocenterReportsViewController.swift */,
			);
			name = Reports;
			sourceTree = "<group>";
		};
		E9D8E64C1B239DD80003A526 /* Navigation */ = {
			isa = PBXGroup;
			children = (
				E943FC5A1B1D503400F5A52D /* MasterTableViewController.swift */,
				E943FC5D1B1D511A00F5A52D /* SplitViewController.swift */,
			);
			name = Navigation;
			sourceTree = "<group>";
		};
		E9D8E64D1B239DE10003A526 /* General */ = {
			isa = PBXGroup;
			children = (
				E95A204A1B2969E1006222F1 /* StatusViewController.swift */,
				E9CD60EE1B2943CD007E9540 /* UserSearchViewController.swift */,
				E9296F581B1DF7C1000D5DC7 /* LoginViewController.swift */,
				E9D8E64E1B23A1BE0003A526 /* AboutViewController.swift */,
			);
			name = General;
			sourceTree = "<group>";
		};
/* End PBXGroup section */

/* Begin PBXNativeTarget section */
		E9174ECF1B0A2D34000F57A5 /* HemoCenter */ = {
			isa = PBXNativeTarget;
			buildConfigurationList = E9174EEF1B0A2D35000F57A5 /* Build configuration list for PBXNativeTarget "HemoCenter" */;
			buildPhases = (
				E9174ECC1B0A2D34000F57A5 /* Sources */,
				E9174ECD1B0A2D34000F57A5 /* Frameworks */,
				E9174ECE1B0A2D34000F57A5 /* Resources */,
				71EF12461B293EB000FA6D2D /* Embed Frameworks */,
			);
			buildRules = (
			);
			dependencies = (
			);
			name = HemoCenter;
			productName = HemoCenter;
			productReference = E9174ED01B0A2D34000F57A5 /* HemoCenter.app */;
			productType = "com.apple.product-type.application";
		};
/* End PBXNativeTarget section */

/* Begin PBXProject section */
		E9174EC81B0A2D34000F57A5 /* Project object */ = {
			isa = PBXProject;
			attributes = {
				LastSwiftUpdateCheck = 0700;
				LastUpgradeCheck = 0640;
				ORGANIZATIONNAME = TDW;
				TargetAttributes = {
					E9174ECF1B0A2D34000F57A5 = {
						CreatedOnToolsVersion = 6.4;
					};
				};
			};
			buildConfigurationList = E9174ECB1B0A2D34000F57A5 /* Build configuration list for PBXProject "HemoCenter" */;
			compatibilityVersion = "Xcode 3.2";
			developmentRegion = English;
			hasScannedForEncodings = 0;
			knownRegions = (
				en,
				Base,
			);
			mainGroup = E9174EC71B0A2D34000F57A5;
			productRefGroup = E9174ED11B0A2D34000F57A5 /* Products */;
			projectDirPath = "";
			projectReferences = (
				{
					ProductGroup = E95A203A1B2959E7006222F1 /* Products */;
					ProjectRef = 71EF12331B293E9D00FA6D2D /* Alamofire.xcodeproj */;
				},
			);
			projectRoot = "";
			targets = (
				E9174ECF1B0A2D34000F57A5 /* HemoCenter */,
			);
		};
/* End PBXProject section */

/* Begin PBXReferenceProxy section */
		E95A20411B2959ED006222F1 /* Alamofire.framework */ = {
			isa = PBXReferenceProxy;
			fileType = wrapper.framework;
			path = Alamofire.framework;
			remoteRef = E95A20401B2959ED006222F1 /* PBXContainerItemProxy */;
			sourceTree = BUILT_PRODUCTS_DIR;
		};
		E95A20431B2959ED006222F1 /* Alamofire.framework */ = {
			isa = PBXReferenceProxy;
			fileType = wrapper.framework;
			path = Alamofire.framework;
			remoteRef = E95A20421B2959ED006222F1 /* PBXContainerItemProxy */;
			sourceTree = BUILT_PRODUCTS_DIR;
		};
		E95A20451B2959ED006222F1 /* Alamofire iOS Tests.xctest */ = {
			isa = PBXReferenceProxy;
			fileType = wrapper.cfbundle;
			path = "Alamofire iOS Tests.xctest";
			remoteRef = E95A20441B2959ED006222F1 /* PBXContainerItemProxy */;
			sourceTree = BUILT_PRODUCTS_DIR;
		};
		E95A20471B2959ED006222F1 /* Alamofire OSX Tests.xctest */ = {
			isa = PBXReferenceProxy;
			fileType = wrapper.cfbundle;
			path = "Alamofire OSX Tests.xctest";
			remoteRef = E95A20461B2959ED006222F1 /* PBXContainerItemProxy */;
			sourceTree = BUILT_PRODUCTS_DIR;
		};
/* End PBXReferenceProxy section */

/* Begin PBXResourcesBuildPhase section */
		E9174ECE1B0A2D34000F57A5 /* Resources */ = {
			isa = PBXResourcesBuildPhase;
			buildActionMask = 2147483647;
			files = (
				E9174EDB1B0A2D34000F57A5 /* Main.storyboard in Resources */,
				E9174EE01B0A2D34000F57A5 /* LaunchScreen.xib in Resources */,
				E9174EDD1B0A2D34000F57A5 /* Images.xcassets in Resources */,
			);
			runOnlyForDeploymentPostprocessing = 0;
		};
/* End PBXResourcesBuildPhase section */

/* Begin PBXSourcesBuildPhase section */
		E9174ECC1B0A2D34000F57A5 /* Sources */ = {
			isa = PBXSourcesBuildPhase;
			buildActionMask = 2147483647;
			files = (
				E9D8E6461B239D890003A526 /* DonnorReportsViewController.swift in Sources */,
				E9D8E63C1B239B650003A526 /* TransactionsViewController.swift in Sources */,
				E943FC5B1B1D503400F5A52D /* MasterTableViewController.swift in Sources */,
				E9174ED61B0A2D34000F57A5 /* AppDelegate.swift in Sources */,
				E9D8E64A1B239DA00003A526 /* HemocenterReportsViewController.swift in Sources */,
				E9CD60F71B295229007E9540 /* Utilities.swift in Sources */,
				E9296F591B1DF7C1000D5DC7 /* LoginViewController.swift in Sources */,
				71EF12321B293E5E00FA6D2D /* WebServiceOperations.swift in Sources */,
				E95A20491B29658C006222F1 /* BloodType.swift in Sources */,
				E9D8E6481B239D950003A526 /* HospitalReportsViewController.swift in Sources */,
				E9CD60EF1B2943CD007E9540 /* UserSearchViewController.swift in Sources */,
				E9D8E6441B239C2E0003A526 /* NewDonationViewController.swift in Sources */,
				E9B885AF1B224DA5002B9369 /* NewDonnorTableViewController.swift in Sources */,
				E9D8E64F1B23A1BE0003A526 /* AboutViewController.swift in Sources */,
				E95A204B1B2969E1006222F1 /* StatusViewController.swift in Sources */,
				E943FC5E1B1D511A00F5A52D /* SplitViewController.swift in Sources */,
			);
			runOnlyForDeploymentPostprocessing = 0;
		};
/* End PBXSourcesBuildPhase section */

/* Begin PBXVariantGroup section */
		E9174ED91B0A2D34000F57A5 /* Main.storyboard */ = {
			isa = PBXVariantGroup;
			children = (
				E9174EDA1B0A2D34000F57A5 /* Base */,
			);
			name = Main.storyboard;
			sourceTree = "<group>";
		};
		E9174EDE1B0A2D34000F57A5 /* LaunchScreen.xib */ = {
			isa = PBXVariantGroup;
			children = (
				E9174EDF1B0A2D34000F57A5 /* Base */,
			);
			name = LaunchScreen.xib;
			sourceTree = "<group>";
		};
/* End PBXVariantGroup section */

/* Begin XCBuildConfiguration section */
		E9174EED1B0A2D35000F57A5 /* Debug */ = {
			isa = XCBuildConfiguration;
			buildSettings = {
				ALWAYS_SEARCH_USER_PATHS = NO;
				CLANG_CXX_LANGUAGE_STANDARD = "gnu++0x";
				CLANG_CXX_LIBRARY = "libc++";
				CLANG_ENABLE_MODULES = YES;
				CLANG_ENABLE_OBJC_ARC = YES;
				CLANG_WARN_BOOL_CONVERSION = YES;
				CLANG_WARN_CONSTANT_CONVERSION = YES;
				CLANG_WARN_DIRECT_OBJC_ISA_USAGE = YES_ERROR;
				CLANG_WARN_EMPTY_BODY = YES;
				CLANG_WARN_ENUM_CONVERSION = YES;
				CLANG_WARN_INT_CONVERSION = YES;
				CLANG_WARN_OBJC_ROOT_CLASS = YES_ERROR;
				CLANG_WARN_UNREACHABLE_CODE = YES;
				CLANG_WARN__DUPLICATE_METHOD_MATCH = YES;
				"CODE_SIGN_IDENTITY[sdk=iphoneos*]" = "iPhone Developer";
				COPY_PHASE_STRIP = NO;
				DEBUG_INFORMATION_FORMAT = "dwarf-with-dsym";
				ENABLE_STRICT_OBJC_MSGSEND = YES;
				GCC_C_LANGUAGE_STANDARD = gnu99;
				GCC_DYNAMIC_NO_PIC = NO;
				GCC_NO_COMMON_BLOCKS = YES;
				GCC_OPTIMIZATION_LEVEL = 0;
				GCC_PREPROCESSOR_DEFINITIONS = (
					"DEBUG=1",
					"$(inherited)",
				);
				GCC_SYMBOLS_PRIVATE_EXTERN = NO;
				GCC_WARN_64_TO_32_BIT_CONVERSION = YES;
				GCC_WARN_ABOUT_RETURN_TYPE = YES_ERROR;
				GCC_WARN_UNDECLARED_SELECTOR = YES;
				GCC_WARN_UNINITIALIZED_AUTOS = YES_AGGRESSIVE;
				GCC_WARN_UNUSED_FUNCTION = YES;
				GCC_WARN_UNUSED_VARIABLE = YES;
				IPHONEOS_DEPLOYMENT_TARGET = 8.4;
				MTL_ENABLE_DEBUG_INFO = YES;
				ONLY_ACTIVE_ARCH = YES;
				SDKROOT = iphoneos;
				SWIFT_OPTIMIZATION_LEVEL = "-Onone";
				TARGETED_DEVICE_FAMILY = 2;
			};
			name = Debug;
		};
		E9174EEE1B0A2D35000F57A5 /* Release */ = {
			isa = XCBuildConfiguration;
			buildSettings = {
				ALWAYS_SEARCH_USER_PATHS = NO;
				CLANG_CXX_LANGUAGE_STANDARD = "gnu++0x";
				CLANG_CXX_LIBRARY = "libc++";
				CLANG_ENABLE_MODULES = YES;
				CLANG_ENABLE_OBJC_ARC = YES;
				CLANG_WARN_BOOL_CONVERSION = YES;
				CLANG_WARN_CONSTANT_CONVERSION = YES;
				CLANG_WARN_DIRECT_OBJC_ISA_USAGE = YES_ERROR;
				CLANG_WARN_EMPTY_BODY = YES;
				CLANG_WARN_ENUM_CONVERSION = YES;
				CLANG_WARN_INT_CONVERSION = YES;
				CLANG_WARN_OBJC_ROOT_CLASS = YES_ERROR;
				CLANG_WARN_UNREACHABLE_CODE = YES;
				CLANG_WARN__DUPLICATE_METHOD_MATCH = YES;
				"CODE_SIGN_IDENTITY[sdk=iphoneos*]" = "iPhone Developer";
				COPY_PHASE_STRIP = NO;
				DEBUG_INFORMATION_FORMAT = "dwarf-with-dsym";
				ENABLE_NS_ASSERTIONS = NO;
				ENABLE_STRICT_OBJC_MSGSEND = YES;
				GCC_C_LANGUAGE_STANDARD = gnu99;
				GCC_NO_COMMON_BLOCKS = YES;
				GCC_WARN_64_TO_32_BIT_CONVERSION = YES;
				GCC_WARN_ABOUT_RETURN_TYPE = YES_ERROR;
				GCC_WARN_UNDECLARED_SELECTOR = YES;
				GCC_WARN_UNINITIALIZED_AUTOS = YES_AGGRESSIVE;
				GCC_WARN_UNUSED_FUNCTION = YES;
				GCC_WARN_UNUSED_VARIABLE = YES;
				IPHONEOS_DEPLOYMENT_TARGET = 8.4;
				MTL_ENABLE_DEBUG_INFO = NO;
				SDKROOT = iphoneos;
				TARGETED_DEVICE_FAMILY = 2;
				VALIDATE_PRODUCT = YES;
			};
			name = Release;
		};
		E9174EF01B0A2D35000F57A5 /* Debug */ = {
			isa = XCBuildConfiguration;
			buildSettings = {
				ASSETCATALOG_COMPILER_APPICON_NAME = AppIcon;
				INFOPLIST_FILE = HemoCenter/Info.plist;
				IPHONEOS_DEPLOYMENT_TARGET = 8.3;
				LD_RUNPATH_SEARCH_PATHS = "$(inherited) @executable_path/Frameworks";
				PRODUCT_NAME = "$(TARGET_NAME)";
			};
			name = Debug;
		};
		E9174EF11B0A2D35000F57A5 /* Release */ = {
			isa = XCBuildConfiguration;
			buildSettings = {
				ASSETCATALOG_COMPILER_APPICON_NAME = AppIcon;
				INFOPLIST_FILE = HemoCenter/Info.plist;
				IPHONEOS_DEPLOYMENT_TARGET = 8.3;
				LD_RUNPATH_SEARCH_PATHS = "$(inherited) @executable_path/Frameworks";
				PRODUCT_NAME = "$(TARGET_NAME)";
			};
			name = Release;
		};
/* End XCBuildConfiguration section */

/* Begin XCConfigurationList section */
		E9174ECB1B0A2D34000F57A5 /* Build configuration list for PBXProject "HemoCenter" */ = {
			isa = XCConfigurationList;
			buildConfigurations = (
				E9174EED1B0A2D35000F57A5 /* Debug */,
				E9174EEE1B0A2D35000F57A5 /* Release */,
			);
			defaultConfigurationIsVisible = 0;
			defaultConfigurationName = Release;
		};
		E9174EEF1B0A2D35000F57A5 /* Build configuration list for PBXNativeTarget "HemoCenter" */ = {
			isa = XCConfigurationList;
			buildConfigurations = (
				E9174EF01B0A2D35000F57A5 /* Debug */,
				E9174EF11B0A2D35000F57A5 /* Release */,
			);
			defaultConfigurationIsVisible = 0;
			defaultConfigurationName = Release;
		};
/* End XCConfigurationList section */
	};
	rootObject = E9174EC81B0A2D34000F57A5 /* Project object */;
}
